
Microsoft Visual Studio Solution File, Format Version 12.00
Project("{FAE04EC0-301F-11D3-BF4B-00C04F79EFBC}") = "ToggleCalculator", "ToggleCalculator\ToggleCalculator.csproj", "{99AD4B18-6812-4CA3-AD1A-6926047E535D}"
EndProject
Global
	GlobalSection(SolutionConfigurationPlatforms) = preSolution
		Debug|Any CPU = Debug|Any CPU
		Release|Any CPU = Release|Any CPU
	EndGlobalSection
	GlobalSection(ProjectConfigurationPlatforms) = postSolution
		{99AD4B18-6812-4CA3-AD1A-6926047E535D}.Debug|Any CPU.ActiveCfg = Debug|Any CPU
		{99AD4B18-6812-4CA3-AD1A-6926047E535D}.Debug|Any CPU.Build.0 = Debug|Any CPU
		{99AD4B18-6812-4CA3-AD1A-6926047E535D}.Release|Any CPU.ActiveCfg = Release|Any CPU
		{99AD4B18-6812-4CA3-AD1A-6926047E535D}.Release|Any CPU.Build.0 = Release|Any CPU
	EndGlobalSection
EndGlobal
